// !$*UTF8*$!
{
	archiveVersion = 1;
	classes = {
	};
	objectVersion = 56;
	objects = {

/* Begin PBXBuildFile section */
		461187E729DDB609008791B2 /* DeadliftView.swift in Sources */ = {isa = PBXBuildFile; fileRef = 461187E629DDB609008791B2 /* DeadliftView.swift */; };
		461187EB29DDB69F008791B2 /* SquatView.swift in Sources */ = {isa = PBXBuildFile; fileRef = 461187EA29DDB69F008791B2 /* SquatView.swift */; };
		461187ED29DDB6AA008791B2 /* SquatViewController.swift in Sources */ = {isa = PBXBuildFile; fileRef = 461187EC29DDB6AA008791B2 /* SquatViewController.swift */; };
		461187F129DDBD7D008791B2 /* BenchView.swift in Sources */ = {isa = PBXBuildFile; fileRef = 461187F029DDBD7D008791B2 /* BenchView.swift */; };
		461187F329DDBD87008791B2 /* BenchViewController.swift in Sources */ = {isa = PBXBuildFile; fileRef = 461187F229DDBD87008791B2 /* BenchViewController.swift */; };
		461187F629DDDE2F008791B2 /* liveView.swift in Sources */ = {isa = PBXBuildFile; fileRef = 461187F529DDDE2F008791B2 /* liveView.swift */; };
		461187F829DF551A008791B2 /* drawingView.swift in Sources */ = {isa = PBXBuildFile; fileRef = 461187F729DF551A008791B2 /* drawingView.swift */; };
		4611A2DF29B8F15100C6BA2A /* DeadliftViewController.swift in Sources */ = {isa = PBXBuildFile; fileRef = 4611A2DE29B8F15100C6BA2A /* DeadliftViewController.swift */; };
		4611A2E329B8F98E00C6BA2A /* VideoEstimator.swift in Sources */ = {isa = PBXBuildFile; fileRef = 4611A2E229B8F98E00C6BA2A /* VideoEstimator.swift */; };
		468EB31F299D30D700298A69 /* PostureEstimationApp.swift in Sources */ = {isa = PBXBuildFile; fileRef = 468EB31E299D30D700298A69 /* PostureEstimationApp.swift */; };
		468EB321299D30D700298A69 /* ContentView.swift in Sources */ = {isa = PBXBuildFile; fileRef = 468EB320299D30D700298A69 /* ContentView.swift */; };
		468EB323299D30DE00298A69 /* Assets.xcassets in Resources */ = {isa = PBXBuildFile; fileRef = 468EB322299D30DE00298A69 /* Assets.xcassets */; };
		468EB326299D30DF00298A69 /* Preview Assets.xcassets in Resources */ = {isa = PBXBuildFile; fileRef = 468EB325299D30DF00298A69 /* Preview Assets.xcassets */; };
		46EDB06E29A05D8A0093ACDE /* PoseEstimator.swift in Sources */ = {isa = PBXBuildFile; fileRef = 46EDB06D29A05D8A0093ACDE /* PoseEstimator.swift */; };
		46EDB07529A05DFA0093ACDE /* StickFigureView.swift in Sources */ = {isa = PBXBuildFile; fileRef = 46EDB07429A05DFA0093ACDE /* StickFigureView.swift */; };
		46EDB07A29A05E520093ACDE /* CameraViewController.swift in Sources */ = {isa = PBXBuildFile; fileRef = 46EDB07929A05E520093ACDE /* CameraViewController.swift */; };
		46EDB07C29A05E640093ACDE /* CameraViewWrapper.swift in Sources */ = {isa = PBXBuildFile; fileRef = 46EDB07B29A05E640093ACDE /* CameraViewWrapper.swift */; };
		46EDB07E29A05E710093ACDE /* CameraView.swift in Sources */ = {isa = PBXBuildFile; fileRef = 46EDB07D29A05E710093ACDE /* CameraView.swift */; };
		46EDB08129A05E900093ACDE /* Shapes.swift in Sources */ = {isa = PBXBuildFile; fileRef = 46EDB08029A05E900093ACDE /* Shapes.swift */; };
		46EDB08429A05EBE0093ACDE /* CGPointExtension.swift in Sources */ = {isa = PBXBuildFile; fileRef = 46EDB08329A05EBE0093ACDE /* CGPointExtension.swift */; };
/* End PBXBuildFile section */

/* Begin PBXFileReference section */
		461187E629DDB609008791B2 /* DeadliftView.swift */ = {isa = PBXFileReference; lastKnownFileType = sourcecode.swift; path = DeadliftView.swift; sourceTree = "<group>"; };
		461187EA29DDB69F008791B2 /* SquatView.swift */ = {isa = PBXFileReference; lastKnownFileType = sourcecode.swift; path = SquatView.swift; sourceTree = "<group>"; };
		461187EC29DDB6AA008791B2 /* SquatViewController.swift */ = {isa = PBXFileReference; lastKnownFileType = sourcecode.swift; path = SquatViewController.swift; sourceTree = "<group>"; };
		461187F029DDBD7D008791B2 /* BenchView.swift */ = {isa = PBXFileReference; lastKnownFileType = sourcecode.swift; path = BenchView.swift; sourceTree = "<group>"; };
		461187F229DDBD87008791B2 /* BenchViewController.swift */ = {isa = PBXFileReference; lastKnownFileType = sourcecode.swift; path = BenchViewController.swift; sourceTree = "<group>"; };
		461187F529DDDE2F008791B2 /* liveView.swift */ = {isa = PBXFileReference; lastKnownFileType = sourcecode.swift; path = liveView.swift; sourceTree = "<group>"; };
		461187F729DF551A008791B2 /* drawingView.swift */ = {isa = PBXFileReference; lastKnownFileType = sourcecode.swift; path = drawingView.swift; sourceTree = "<group>"; };
		4611A2DE29B8F15100C6BA2A /* DeadliftViewController.swift */ = {isa = PBXFileReference; lastKnownFileType = sourcecode.swift; path = DeadliftViewController.swift; sourceTree = "<group>"; };
		4611A2E229B8F98E00C6BA2A /* VideoEstimator.swift */ = {isa = PBXFileReference; lastKnownFileType = sourcecode.swift; path = VideoEstimator.swift; sourceTree = "<group>"; };
		468EB31B299D30D700298A69 /* PostureEstimation.app */ = {isa = PBXFileReference; explicitFileType = wrapper.application; includeInIndex = 0; path = PostureEstimation.app; sourceTree = BUILT_PRODUCTS_DIR; };
		468EB31E299D30D700298A69 /* PostureEstimationApp.swift */ = {isa = PBXFileReference; lastKnownFileType = sourcecode.swift; path = PostureEstimationApp.swift; sourceTree = "<group>"; };
		468EB320299D30D700298A69 /* ContentView.swift */ = {isa = PBXFileReference; lastKnownFileType = sourcecode.swift; path = ContentView.swift; sourceTree = "<group>"; };
		468EB322299D30DE00298A69 /* Assets.xcassets */ = {isa = PBXFileReference; lastKnownFileType = folder.assetcatalog; path = Assets.xcassets; sourceTree = "<group>"; };
		468EB325299D30DF00298A69 /* Preview Assets.xcassets */ = {isa = PBXFileReference; lastKnownFileType = folder.assetcatalog; path = "Preview Assets.xcassets"; sourceTree = "<group>"; };
		46EDB06D29A05D8A0093ACDE /* PoseEstimator.swift */ = {isa = PBXFileReference; lastKnownFileType = sourcecode.swift; path = PoseEstimator.swift; sourceTree = "<group>"; };
		46EDB07429A05DFA0093ACDE /* StickFigureView.swift */ = {isa = PBXFileReference; lastKnownFileType = sourcecode.swift; path = StickFigureView.swift; sourceTree = "<group>"; };
		46EDB07929A05E520093ACDE /* CameraViewController.swift */ = {isa = PBXFileReference; lastKnownFileType = sourcecode.swift; path = CameraViewController.swift; sourceTree = "<group>"; };
		46EDB07B29A05E640093ACDE /* CameraViewWrapper.swift */ = {isa = PBXFileReference; lastKnownFileType = sourcecode.swift; path = CameraViewWrapper.swift; sourceTree = "<group>"; };
		46EDB07D29A05E710093ACDE /* CameraView.swift */ = {isa = PBXFileReference; lastKnownFileType = sourcecode.swift; path = CameraView.swift; sourceTree = "<group>"; };
		46EDB08029A05E900093ACDE /* Shapes.swift */ = {isa = PBXFileReference; lastKnownFileType = sourcecode.swift; path = Shapes.swift; sourceTree = "<group>"; };
		46EDB08329A05EBE0093ACDE /* CGPointExtension.swift */ = {isa = PBXFileReference; lastKnownFileType = sourcecode.swift; path = CGPointExtension.swift; sourceTree = "<group>"; };
/* End PBXFileReference section */

/* Begin PBXFrameworksBuildPhase section */
		468EB318299D30D700298A69 /* Frameworks */ = {
			isa = PBXFrameworksBuildPhase;
			buildActionMask = 2147483647;
			files = (
			);
			runOnlyForDeploymentPostprocessing = 0;
		};
/* End PBXFrameworksBuildPhase section */

/* Begin PBXGroup section */
		461187E829DDB65A008791B2 /* Deadlift */ = {
			isa = PBXGroup;
			children = (
				4611A2DE29B8F15100C6BA2A /* DeadliftViewController.swift */,
				461187E629DDB609008791B2 /* DeadliftView.swift */,
			);
			path = Deadlift;
			sourceTree = "<group>";
		};
		461187E929DDB68F008791B2 /* Squat */ = {
			isa = PBXGroup;
			children = (
				461187EA29DDB69F008791B2 /* SquatView.swift */,
				461187EC29DDB6AA008791B2 /* SquatViewController.swift */,
			);
			path = Squat;
			sourceTree = "<group>";
		};
		461187EF29DDBCF3008791B2 /* Bench */ = {
			isa = PBXGroup;
			children = (
				461187F029DDBD7D008791B2 /* BenchView.swift */,
				461187F229DDBD87008791B2 /* BenchViewController.swift */,
			);
			path = Bench;
			sourceTree = "<group>";
		};
		461187F429DDDE1E008791B2 /* Live */ = {
			isa = PBXGroup;
			children = (
				461187F529DDDE2F008791B2 /* liveView.swift */,
			);
			path = Live;
			sourceTree = "<group>";
		};
		468EB312299D30D700298A69 = {
			isa = PBXGroup;
			children = (
				468EB31D299D30D700298A69 /* PostureEstimation */,
				468EB31C299D30D700298A69 /* Products */,
			);
			sourceTree = "<group>";
		};
		468EB31C299D30D700298A69 /* Products */ = {
			isa = PBXGroup;
			children = (
				468EB31B299D30D700298A69 /* PostureEstimation.app */,
			);
			name = Products;
			sourceTree = "<group>";
		};
		468EB31D299D30D700298A69 /* PostureEstimation */ = {
			isa = PBXGroup;
			children = (
				46EDB06F29A05DA30093ACDE /* Views */,
				468EB31E299D30D700298A69 /* PostureEstimationApp.swift */,
				46EDB08229A05EAE0093ACDE /* Extensions */,
				46EDB07F29A05E830093ACDE /* Shapes */,
				46EDB07829A05E3F0093ACDE /* UIKit */,
				46EDB06D29A05D8A0093ACDE /* PoseEstimator.swift */,
				4611A2E229B8F98E00C6BA2A /* VideoEstimator.swift */,
				468EB322299D30DE00298A69 /* Assets.xcassets */,
				468EB324299D30DF00298A69 /* Preview Content */,
			);
			path = PostureEstimation;
			sourceTree = "<group>";
		};
		468EB324299D30DF00298A69 /* Preview Content */ = {
			isa = PBXGroup;
			children = (
				468EB325299D30DF00298A69 /* Preview Assets.xcassets */,
			);
			path = "Preview Content";
			sourceTree = "<group>";
		};
		46EDB06F29A05DA30093ACDE /* Views */ = {
			isa = PBXGroup;
			children = (
				461187EF29DDBCF3008791B2 /* Bench */,
				461187E929DDB68F008791B2 /* Squat */,
				461187E829DDB65A008791B2 /* Deadlift */,
				461187F429DDDE1E008791B2 /* Live */,
				468EB320299D30D700298A69 /* ContentView.swift */,
				461187F729DF551A008791B2 /* drawingView.swift */,
				46EDB07429A05DFA0093ACDE /* StickFigureView.swift */,
			);
			path = Views;
			sourceTree = "<group>";
		};
		46EDB07829A05E3F0093ACDE /* UIKit */ = {
			isa = PBXGroup;
			children = (
				46EDB07D29A05E710093ACDE /* CameraView.swift */,
				46EDB07929A05E520093ACDE /* CameraViewController.swift */,
				46EDB07B29A05E640093ACDE /* CameraViewWrapper.swift */,
			);
			path = UIKit;
			sourceTree = "<group>";
		};
		46EDB07F29A05E830093ACDE /* Shapes */ = {
			isa = PBXGroup;
			children = (
				46EDB08029A05E900093ACDE /* Shapes.swift */,
			);
			path = Shapes;
			sourceTree = "<group>";
		};
		46EDB08229A05EAE0093ACDE /* Extensions */ = {
			isa = PBXGroup;
			children = (
				46EDB08329A05EBE0093ACDE /* CGPointExtension.swift */,
			);
			path = Extensions;
			sourceTree = "<group>";
		};
/* End PBXGroup section */

/* Begin PBXNativeTarget section */
		468EB31A299D30D700298A69 /* PostureEstimation */ = {
			isa = PBXNativeTarget;
			buildConfigurationList = 468EB329299D30DF00298A69 /* Build configuration list for PBXNativeTarget "PostureEstimation" */;
			buildPhases = (
				468EB317299D30D700298A69 /* Sources */,
				468EB318299D30D700298A69 /* Frameworks */,
				468EB319299D30D700298A69 /* Resources */,
			);
			buildRules = (
			);
			dependencies = (
			);
			name = PostureEstimation;
			productName = PostureEstimation;
			productReference = 468EB31B299D30D700298A69 /* PostureEstimation.app */;
			productType = "com.apple.product-type.application";
		};
/* End PBXNativeTarget section */

/* Begin PBXProject section */
		468EB313299D30D700298A69 /* Project object */ = {
			isa = PBXProject;
			attributes = {
				BuildIndependentTargetsInParallel = 1;
				LastSwiftUpdateCheck = 1420;
				LastUpgradeCheck = 1420;
				TargetAttributes = {
					468EB31A299D30D700298A69 = {
						CreatedOnToolsVersion = 14.2;
					};
				};
			};
			buildConfigurationList = 468EB316299D30D700298A69 /* Build configuration list for PBXProject "PostureEstimation" */;
			compatibilityVersion = "Xcode 14.0";
			developmentRegion = en;
			hasScannedForEncodings = 0;
			knownRegions = (
				en,
				Base,
			);
			mainGroup = 468EB312299D30D700298A69;
			productRefGroup = 468EB31C299D30D700298A69 /* Products */;
			projectDirPath = "";
			projectRoot = "";
			targets = (
				468EB31A299D30D700298A69 /* PostureEstimation */,
			);
		};
/* End PBXProject section */

/* Begin PBXResourcesBuildPhase section */
		468EB319299D30D700298A69 /* Resources */ = {
			isa = PBXResourcesBuildPhase;
			buildActionMask = 2147483647;
			files = (
				468EB326299D30DF00298A69 /* Preview Assets.xcassets in Resources */,
				468EB323299D30DE00298A69 /* Assets.xcassets in Resources */,
			);
			runOnlyForDeploymentPostprocessing = 0;
		};
/* End PBXResourcesBuildPhase section */

/* Begin PBXSourcesBuildPhase section */
		468EB317299D30D700298A69 /* Sources */ = {
			isa = PBXSourcesBuildPhase;
			buildActionMask = 2147483647;
			files = (
				46EDB07529A05DFA0093ACDE /* StickFigureView.swift in Sources */,
				468EB321299D30D700298A69 /* ContentView.swift in Sources */,
				461187F629DDDE2F008791B2 /* liveView.swift in Sources */,
				46EDB07E29A05E710093ACDE /* CameraView.swift in Sources */,
				461187F129DDBD7D008791B2 /* BenchView.swift in Sources */,
				461187EB29DDB69F008791B2 /* SquatView.swift in Sources */,
				461187E729DDB609008791B2 /* DeadliftView.swift in Sources */,
				4611A2DF29B8F15100C6BA2A /* DeadliftViewController.swift in Sources */,
				4611A2E329B8F98E00C6BA2A /* VideoEstimator.swift in Sources */,
				46EDB07A29A05E520093ACDE /* CameraViewController.swift in Sources */,
				468EB31F299D30D700298A69 /* PostureEstimationApp.swift in Sources */,
				461187ED29DDB6AA008791B2 /* SquatViewController.swift in Sources */,
				46EDB08129A05E900093ACDE /* Shapes.swift in Sources */,
				46EDB06E29A05D8A0093ACDE /* PoseEstimator.swift in Sources */,
				461187F829DF551A008791B2 /* drawingView.swift in Sources */,
				46EDB07C29A05E640093ACDE /* CameraViewWrapper.swift in Sources */,
				461187F329DDBD87008791B2 /* BenchViewController.swift in Sources */,
				46EDB08429A05EBE0093ACDE /* CGPointExtension.swift in Sources */,
			);
			runOnlyForDeploymentPostprocessing = 0;
		};
/* End PBXSourcesBuildPhase section */

/* Begin XCBuildConfiguration section */
		468EB327299D30DF00298A69 /* Debug */ = {
			isa = XCBuildConfiguration;
			buildSettings = {
				ALWAYS_SEARCH_USER_PATHS = NO;
				CLANG_ANALYZER_NONNULL = YES;
				CLANG_ANALYZER_NUMBER_OBJECT_CONVERSION = YES_AGGRESSIVE;
				CLANG_CXX_LANGUAGE_STANDARD = "gnu++20";
				CLANG_ENABLE_MODULES = YES;
				CLANG_ENABLE_OBJC_ARC = YES;
				CLANG_ENABLE_OBJC_WEAK = YES;
				CLANG_WARN_BLOCK_CAPTURE_AUTORELEASING = YES;
				CLANG_WARN_BOOL_CONVERSION = YES;
				CLANG_WARN_COMMA = YES;
				CLANG_WARN_CONSTANT_CONVERSION = YES;
				CLANG_WARN_DEPRECATED_OBJC_IMPLEMENTATIONS = YES;
				CLANG_WARN_DIRECT_OBJC_ISA_USAGE = YES_ERROR;
				CLANG_WARN_DOCUMENTATION_COMMENTS = YES;
				CLANG_WARN_EMPTY_BODY = YES;
				CLANG_WARN_ENUM_CONVERSION = YES;
				CLANG_WARN_INFINITE_RECURSION = YES;
				CLANG_WARN_INT_CONVERSION = YES;
				CLANG_WARN_NON_LITERAL_NULL_CONVERSION = YES;
				CLANG_WARN_OBJC_IMPLICIT_RETAIN_SELF = YES;
				CLANG_WARN_OBJC_LITERAL_CONVERSION = YES;
				CLANG_WARN_OBJC_ROOT_CLASS = YES_ERROR;
				CLANG_WARN_QUOTED_INCLUDE_IN_FRAMEWORK_HEADER = YES;
				CLANG_WARN_RANGE_LOOP_ANALYSIS = YES;
				CLANG_WARN_STRICT_PROTOTYPES = YES;
				CLANG_WARN_SUSPICIOUS_MOVE = YES;
				CLANG_WARN_UNGUARDED_AVAILABILITY = YES_AGGRESSIVE;
				CLANG_WARN_UNREACHABLE_CODE = YES;
				CLANG_WARN__DUPLICATE_METHOD_MATCH = YES;
				COPY_PHASE_STRIP = NO;
				DEBUG_INFORMATION_FORMAT = dwarf;
				ENABLE_STRICT_OBJC_MSGSEND = YES;
				ENABLE_TESTABILITY = YES;
				GCC_C_LANGUAGE_STANDARD = gnu11;
				GCC_DYNAMIC_NO_PIC = NO;
				GCC_NO_COMMON_BLOCKS = YES;
				GCC_OPTIMIZATION_LEVEL = 0;
				GCC_PREPROCESSOR_DEFINITIONS = (
					"DEBUG=1",
					"$(inherited)",
				);
				GCC_WARN_64_TO_32_BIT_CONVERSION = YES;
				GCC_WARN_ABOUT_RETURN_TYPE = YES_ERROR;
				GCC_WARN_UNDECLARED_SELECTOR = YES;
				GCC_WARN_UNINITIALIZED_AUTOS = YES_AGGRESSIVE;
				GCC_WARN_UNUSED_FUNCTION = YES;
				GCC_WARN_UNUSED_VARIABLE = YES;
				IPHONEOS_DEPLOYMENT_TARGET = 16.2;
				MTL_ENABLE_DEBUG_INFO = INCLUDE_SOURCE;
				MTL_FAST_MATH = YES;
				ONLY_ACTIVE_ARCH = YES;
				SDKROOT = iphoneos;
				SWIFT_ACTIVE_COMPILATION_CONDITIONS = DEBUG;
				SWIFT_OPTIMIZATION_LEVEL = "-Onone";
			};
			name = Debug;
		};
		468EB328299D30DF00298A69 /* Release */ = {
			isa = XCBuildConfiguration;
			buildSettings = {
				ALWAYS_SEARCH_USER_PATHS = NO;
				CLANG_ANALYZER_NONNULL = YES;
				CLANG_ANALYZER_NUMBER_OBJECT_CONVERSION = YES_AGGRESSIVE;
				CLANG_CXX_LANGUAGE_STANDARD = "gnu++20";
				CLANG_ENABLE_MODULES = YES;
				CLANG_ENABLE_OBJC_ARC = YES;
				CLANG_ENABLE_OBJC_WEAK = YES;
				CLANG_WARN_BLOCK_CAPTURE_AUTORELEASING = YES;
				CLANG_WARN_BOOL_CONVERSION = YES;
				CLANG_WARN_COMMA = YES;
				CLANG_WARN_CONSTANT_CONVERSION = YES;
				CLANG_WARN_DEPRECATED_OBJC_IMPLEMENTATIONS = YES;
				CLANG_WARN_DIRECT_OBJC_ISA_USAGE = YES_ERROR;
				CLANG_WARN_DOCUMENTATION_COMMENTS = YES;
				CLANG_WARN_EMPTY_BODY = YES;
				CLANG_WARN_ENUM_CONVERSION = YES;
				CLANG_WARN_INFINITE_RECURSION = YES;
				CLANG_WARN_INT_CONVERSION = YES;
				CLANG_WARN_NON_LITERAL_NULL_CONVERSION = YES;
				CLANG_WARN_OBJC_IMPLICIT_RETAIN_SELF = YES;
				CLANG_WARN_OBJC_LITERAL_CONVERSION = YES;
				CLANG_WARN_OBJC_ROOT_CLASS = YES_ERROR;
				CLANG_WARN_QUOTED_INCLUDE_IN_FRAMEWORK_HEADER = YES;
				CLANG_WARN_RANGE_LOOP_ANALYSIS = YES;
				CLANG_WARN_STRICT_PROTOTYPES = YES;
				CLANG_WARN_SUSPICIOUS_MOVE = YES;
				CLANG_WARN_UNGUARDED_AVAILABILITY = YES_AGGRESSIVE;
				CLANG_WARN_UNREACHABLE_CODE = YES;
				CLANG_WARN__DUPLICATE_METHOD_MATCH = YES;
				COPY_PHASE_STRIP = NO;
				DEBUG_INFORMATION_FORMAT = "dwarf-with-dsym";
				ENABLE_NS_ASSERTIONS = NO;
				ENABLE_STRICT_OBJC_MSGSEND = YES;
				GCC_C_LANGUAGE_STANDARD = gnu11;
				GCC_NO_COMMON_BLOCKS = YES;
				GCC_WARN_64_TO_32_BIT_CONVERSION = YES;
				GCC_WARN_ABOUT_RETURN_TYPE = YES_ERROR;
				GCC_WARN_UNDECLARED_SELECTOR = YES;
				GCC_WARN_UNINITIALIZED_AUTOS = YES_AGGRESSIVE;
				GCC_WARN_UNUSED_FUNCTION = YES;
				GCC_WARN_UNUSED_VARIABLE = YES;
				IPHONEOS_DEPLOYMENT_TARGET = 16.2;
				MTL_ENABLE_DEBUG_INFO = NO;
				MTL_FAST_MATH = YES;
				SDKROOT = iphoneos;
				SWIFT_COMPILATION_MODE = wholemodule;
				SWIFT_OPTIMIZATION_LEVEL = "-O";
				VALIDATE_PRODUCT = YES;
			};
			name = Release;
		};
		468EB32A299D30DF00298A69 /* Debug */ = {
			isa = XCBuildConfiguration;
			buildSettings = {
				ASSETCATALOG_COMPILER_APPICON_NAME = AppIcon;
				ASSETCATALOG_COMPILER_GLOBAL_ACCENT_COLOR_NAME = AccentColor;
				CODE_SIGN_STYLE = Automatic;
				CURRENT_PROJECT_VERSION = 1;
				DEVELOPMENT_ASSET_PATHS = "\"PostureEstimation/Preview Content\"";
				DEVELOPMENT_TEAM = 274CB8RC29;
				ENABLE_PREVIEWS = YES;
				GENERATE_INFOPLIST_FILE = YES;
				INFOPLIST_KEY_NSCameraUsageDescription = "";
				INFOPLIST_KEY_UIApplicationSceneManifest_Generation = YES;
				INFOPLIST_KEY_UIApplicationSupportsIndirectInputEvents = YES;
				INFOPLIST_KEY_UILaunchScreen_Generation = YES;
				INFOPLIST_KEY_UISupportedInterfaceOrientations_iPad = "UIInterfaceOrientationPortrait UIInterfaceOrientationPortraitUpsideDown UIInterfaceOrientationLandscapeLeft UIInterfaceOrientationLandscapeRight";
				INFOPLIST_KEY_UISupportedInterfaceOrientations_iPhone = "UIInterfaceOrientationPortrait UIInterfaceOrientationLandscapeLeft UIInterfaceOrientationLandscapeRight";
				IPHONEOS_DEPLOYMENT_TARGET = 16.2;
				LD_RUNPATH_SEARCH_PATHS = (
					"$(inherited)",
					"@executable_path/Frameworks",
				);
				MARKETING_VERSION = 1.0;
				PRODUCT_BUNDLE_IDENTIFIER = com.PostureEstimation;
				PRODUCT_NAME = "$(TARGET_NAME)";
				SWIFT_EMIT_LOC_STRINGS = YES;
				SWIFT_VERSION = 5.0;
				TARGETED_DEVICE_FAMILY = "1,2";
			};
			name = Debug;
		};
		468EB32B299D30DF00298A69 /* Release */ = {
			isa = XCBuildConfiguration;
			buildSettings = {
				ASSETCATALOG_COMPILER_APPICON_NAME = AppIcon;
				ASSETCATALOG_COMPILER_GLOBAL_ACCENT_COLOR_NAME = AccentColor;
				CODE_SIGN_STYLE = Automatic;
				CURRENT_PROJECT_VERSION = 1;
				DEVELOPMENT_ASSET_PATHS = "\"PostureEstimation/Preview Content\"";
				DEVELOPMENT_TEAM = 274CB8RC29;
				ENABLE_PREVIEWS = YES;
				GENERATE_INFOPLIST_FILE = YES;
				INFOPLIST_KEY_NSCameraUsageDescription = "";
				INFOPLIST_KEY_UIApplicationSceneManifest_Generation = YES;
				INFOPLIST_KEY_UIApplicationSupportsIndirectInputEvents = YES;
				INFOPLIST_KEY_UILaunchScreen_Generation = YES;
				INFOPLIST_KEY_UISupportedInterfaceOrientations_iPad = "UIInterfaceOrientationPortrait UIInterfaceOrientationPortraitUpsideDown UIInterfaceOrientationLandscapeLeft UIInterfaceOrientationLandscapeRight";
				INFOPLIST_KEY_UISupportedInterfaceOrientations_iPhone = "UIInterfaceOrientationPortrait UIInterfaceOrientationLandscapeLeft UIInterfaceOrientationLandscapeRight";
				IPHONEOS_DEPLOYMENT_TARGET = 16.2;
				LD_RUNPATH_SEARCH_PATHS = (
					"$(inherited)",
					"@executable_path/Frameworks",
				);
				MARKETING_VERSION = 1.0;
				PRODUCT_BUNDLE_IDENTIFIER = com.PostureEstimation;
				PRODUCT_NAME = "$(TARGET_NAME)";
				SWIFT_EMIT_LOC_STRINGS = YES;
				SWIFT_VERSION = 5.0;
				TARGETED_DEVICE_FAMILY = "1,2";
			};
			name = Release;
		};
/* End XCBuildConfiguration section */

/* Begin XCConfigurationList section */
		468EB316299D30D700298A69 /* Build configuration list for PBXProject "PostureEstimation" */ = {
			isa = XCConfigurationList;
			buildConfigurations = (
				468EB327299D30DF00298A69 /* Debug */,
				468EB328299D30DF00298A69 /* Release */,
			);
			defaultConfigurationIsVisible = 0;
			defaultConfigurationName = Release;
		};
		468EB329299D30DF00298A69 /* Build configuration list for PBXNativeTarget "PostureEstimation" */ = {
			isa = XCConfigurationList;
			buildConfigurations = (
				468EB32A299D30DF00298A69 /* Debug */,
				468EB32B299D30DF00298A69 /* Release */,
			);
			defaultConfigurationIsVisible = 0;
			defaultConfigurationName = Release;
		};
/* End XCConfigurationList section */
	};
	rootObject = 468EB313299D30D700298A69 /* Project object */;
}
